
Microsoft Visual Studio Solution File, Format Version 12.00
# Visual Studio Version 17
VisualStudioVersion = 17.4.33122.133
MinimumVisualStudioVersion = 10.0.40219.1
Project("{9A19103F-16F7-4668-BE54-9A1E7A4F7556}") = "VehicleSalesAppWin", "VehicleSalesAppWin\VehicleSalesAppWin.csproj", "{898ED711-232B-407E-BF8C-4A5D2D2E901B}"
EndProject
Project("{9A19103F-16F7-4668-BE54-9A1E7A4F7556}") = "VehicleSalesStore2", "..\VehicleSalesStore2\VehicleSalesStore\VehicleSalesStore2.csproj", "{13A29B5F-AC91-4993-A5D0-570B2BC63774}"
EndProject
Global
	GlobalSection(SolutionConfigurationPlatforms) = preSolution
		Debug|Any CPU = Debug|Any CPU
		Release|Any CPU = Release|Any CPU
	EndGlobalSection
	GlobalSection(ProjectConfigurationPlatforms) = postSolution
		{898ED711-232B-407E-BF8C-4A5D2D2E901B}.Debug|Any CPU.ActiveCfg = Debug|Any CPU
		{898ED711-232B-407E-BF8C-4A5D2D2E901B}.Debug|Any CPU.Build.0 = Debug|Any CPU
		{898ED711-232B-407E-BF8C-4A5D2D2E901B}.Release|Any CPU.ActiveCfg = Release|Any CPU
		{898ED711-232B-407E-BF8C-4A5D2D2E901B}.Release|Any CPU.Build.0 = Release|Any CPU
		{13A29B5F-AC91-4993-A5D0-570B2BC63774}.Debug|Any CPU.ActiveCfg = Debug|Any CPU
		{13A29B5F-AC91-4993-A5D0-570B2BC63774}.Debug|Any CPU.Build.0 = Debug|Any CPU
		{13A29B5F-AC91-4993-A5D0-570B2BC63774}.Release|Any CPU.ActiveCfg = Release|Any CPU
		{13A29B5F-AC91-4993-A5D0-570B2BC63774}.Release|Any CPU.Build.0 = Release|Any CPU
	EndGlobalSection
	GlobalSection(SolutionProperties) = preSolution
		HideSolutionNode = FALSE
	EndGlobalSection
	GlobalSection(ExtensibilityGlobals) = postSolution
		SolutionGuid = {4E99B212-EABA-4054-9CC8-FC178ACB6DF2}
	EndGlobalSection
EndGlobal
